// !$*UTF8*$!
{
	archiveVersion = 1;
	classes = {
	};
	objectVersion = 56;
	objects = {

/* Begin PBXBuildFile section */
		631D78052981018700EAE5F6 /* LandMarksApp.swift in Sources */ = {isa = PBXBuildFile; fileRef = 631D78042981018700EAE5F6 /* LandMarksApp.swift */; };
		631D78072981018700EAE5F6 /* ContentView.swift in Sources */ = {isa = PBXBuildFile; fileRef = 631D78062981018700EAE5F6 /* ContentView.swift */; };
		631D78092981018800EAE5F6 /* Assets.xcassets in Resources */ = {isa = PBXBuildFile; fileRef = 631D78082981018800EAE5F6 /* Assets.xcassets */; };
		631D780C2981018800EAE5F6 /* Preview Assets.xcassets in Resources */ = {isa = PBXBuildFile; fileRef = 631D780B2981018800EAE5F6 /* Preview Assets.xcassets */; };
		631D78162981018800EAE5F6 /* LandMarksTests.swift in Sources */ = {isa = PBXBuildFile; fileRef = 631D78152981018800EAE5F6 /* LandMarksTests.swift */; };
		631D78202981018800EAE5F6 /* LandMarksUITests.swift in Sources */ = {isa = PBXBuildFile; fileRef = 631D781F2981018800EAE5F6 /* LandMarksUITests.swift */; };
		631D78222981018800EAE5F6 /* LandMarksUITestsLaunchTests.swift in Sources */ = {isa = PBXBuildFile; fileRef = 631D78212981018800EAE5F6 /* LandMarksUITestsLaunchTests.swift */; };
		631D782F298102C100EAE5F6 /* CircleImage.swift in Sources */ = {isa = PBXBuildFile; fileRef = 631D782E298102C100EAE5F6 /* CircleImage.swift */; };
		631D7831298102E500EAE5F6 /* MapView.swift in Sources */ = {isa = PBXBuildFile; fileRef = 631D7830298102E500EAE5F6 /* MapView.swift */; };
		631D78352981054100EAE5F6 /* landmarkData.json in Resources */ = {isa = PBXBuildFile; fileRef = 631D78342981054100EAE5F6 /* landmarkData.json */; };
		631D78372981058D00EAE5F6 /* Landmark.swift in Sources */ = {isa = PBXBuildFile; fileRef = 631D78362981058D00EAE5F6 /* Landmark.swift */; };
		631D7839298105B300EAE5F6 /* ModelData.swift in Sources */ = {isa = PBXBuildFile; fileRef = 631D7838298105B300EAE5F6 /* ModelData.swift */; };
		631D783D298105FB00EAE5F6 /* LandmarkRow.swift in Sources */ = {isa = PBXBuildFile; fileRef = 631D783C298105FB00EAE5F6 /* LandmarkRow.swift */; };
		631D783F2981077500EAE5F6 /* LandmarkList.swift in Sources */ = {isa = PBXBuildFile; fileRef = 631D783E2981077500EAE5F6 /* LandmarkList.swift */; };
		631D78412981088800EAE5F6 /* LandmarkDetail.swift in Sources */ = {isa = PBXBuildFile; fileRef = 631D78402981088800EAE5F6 /* LandmarkDetail.swift */; };
/* End PBXBuildFile section */

/* Begin PBXContainerItemProxy section */
		631D78122981018800EAE5F6 /* PBXContainerItemProxy */ = {
			isa = PBXContainerItemProxy;
			containerPortal = 631D77F92981018700EAE5F6 /* Project object */;
			proxyType = 1;
			remoteGlobalIDString = 631D78002981018700EAE5F6;
			remoteInfo = LandMarks;
		};
		631D781C2981018800EAE5F6 /* PBXContainerItemProxy */ = {
			isa = PBXContainerItemProxy;
			containerPortal = 631D77F92981018700EAE5F6 /* Project object */;
			proxyType = 1;
			remoteGlobalIDString = 631D78002981018700EAE5F6;
			remoteInfo = LandMarks;
		};
/* End PBXContainerItemProxy section */

/* Begin PBXFileReference section */
		631D78012981018700EAE5F6 /* LandMarks.app */ = {isa = PBXFileReference; explicitFileType = wrapper.application; includeInIndex = 0; path = LandMarks.app; sourceTree = BUILT_PRODUCTS_DIR; };
		631D78042981018700EAE5F6 /* LandMarksApp.swift */ = {isa = PBXFileReference; lastKnownFileType = sourcecode.swift; path = LandMarksApp.swift; sourceTree = "<group>"; };
		631D78062981018700EAE5F6 /* ContentView.swift */ = {isa = PBXFileReference; lastKnownFileType = sourcecode.swift; path = ContentView.swift; sourceTree = "<group>"; };
		631D78082981018800EAE5F6 /* Assets.xcassets */ = {isa = PBXFileReference; lastKnownFileType = folder.assetcatalog; path = Assets.xcassets; sourceTree = "<group>"; };
		631D780B2981018800EAE5F6 /* Preview Assets.xcassets */ = {isa = PBXFileReference; lastKnownFileType = folder.assetcatalog; path = "Preview Assets.xcassets"; sourceTree = "<group>"; };
		631D78112981018800EAE5F6 /* LandMarksTests.xctest */ = {isa = PBXFileReference; explicitFileType = wrapper.cfbundle; includeInIndex = 0; path = LandMarksTests.xctest; sourceTree = BUILT_PRODUCTS_DIR; };
		631D78152981018800EAE5F6 /* LandMarksTests.swift */ = {isa = PBXFileReference; lastKnownFileType = sourcecode.swift; path = LandMarksTests.swift; sourceTree = "<group>"; };
		631D781B2981018800EAE5F6 /* LandMarksUITests.xctest */ = {isa = PBXFileReference; explicitFileType = wrapper.cfbundle; includeInIndex = 0; path = LandMarksUITests.xctest; sourceTree = BUILT_PRODUCTS_DIR; };
		631D781F2981018800EAE5F6 /* LandMarksUITests.swift */ = {isa = PBXFileReference; lastKnownFileType = sourcecode.swift; path = LandMarksUITests.swift; sourceTree = "<group>"; };
		631D78212981018800EAE5F6 /* LandMarksUITestsLaunchTests.swift */ = {isa = PBXFileReference; lastKnownFileType = sourcecode.swift; path = LandMarksUITestsLaunchTests.swift; sourceTree = "<group>"; };
		631D782E298102C100EAE5F6 /* CircleImage.swift */ = {isa = PBXFileReference; lastKnownFileType = sourcecode.swift; path = CircleImage.swift; sourceTree = "<group>"; };
		631D7830298102E500EAE5F6 /* MapView.swift */ = {isa = PBXFileReference; lastKnownFileType = sourcecode.swift; path = MapView.swift; sourceTree = "<group>"; };
		631D78342981054100EAE5F6 /* landmarkData.json */ = {isa = PBXFileReference; fileEncoding = 4; lastKnownFileType = text.json; path = landmarkData.json; sourceTree = "<group>"; };
		631D78362981058D00EAE5F6 /* Landmark.swift */ = {isa = PBXFileReference; lastKnownFileType = sourcecode.swift; path = Landmark.swift; sourceTree = "<group>"; };
		631D7838298105B300EAE5F6 /* ModelData.swift */ = {isa = PBXFileReference; lastKnownFileType = sourcecode.swift; path = ModelData.swift; sourceTree = "<group>"; };
		631D783C298105FB00EAE5F6 /* LandmarkRow.swift */ = {isa = PBXFileReference; lastKnownFileType = sourcecode.swift; path = LandmarkRow.swift; sourceTree = "<group>"; };
		631D783E2981077500EAE5F6 /* LandmarkList.swift */ = {isa = PBXFileReference; lastKnownFileType = sourcecode.swift; path = LandmarkList.swift; sourceTree = "<group>"; };
		631D78402981088800EAE5F6 /* LandmarkDetail.swift */ = {isa = PBXFileReference; lastKnownFileType = sourcecode.swift; path = LandmarkDetail.swift; sourceTree = "<group>"; };
/* End PBXFileReference section */

/* Begin PBXFrameworksBuildPhase section */
		631D77FE2981018700EAE5F6 /* Frameworks */ = {
			isa = PBXFrameworksBuildPhase;
			buildActionMask = 2147483647;
			files = (
			);
			runOnlyForDeploymentPostprocessing = 0;
		};
		631D780E2981018800EAE5F6 /* Frameworks */ = {
			isa = PBXFrameworksBuildPhase;
			buildActionMask = 2147483647;
			files = (
			);
			runOnlyForDeploymentPostprocessing = 0;
		};
		631D78182981018800EAE5F6 /* Frameworks */ = {
			isa = PBXFrameworksBuildPhase;
			buildActionMask = 2147483647;
			files = (
			);
			runOnlyForDeploymentPostprocessing = 0;
		};
/* End PBXFrameworksBuildPhase section */

/* Begin PBXGroup section */
		631D77F82981018700EAE5F6 = {
			isa = PBXGroup;
			children = (
				631D78032981018700EAE5F6 /* LandMarks */,
				631D78142981018800EAE5F6 /* LandMarksTests */,
				631D781E2981018800EAE5F6 /* LandMarksUITests */,
				631D78022981018700EAE5F6 /* Products */,
			);
			sourceTree = "<group>";
		};
		631D78022981018700EAE5F6 /* Products */ = {
			isa = PBXGroup;
			children = (
				631D78012981018700EAE5F6 /* LandMarks.app */,
				631D78112981018800EAE5F6 /* LandMarksTests.xctest */,
				631D781B2981018800EAE5F6 /* LandMarksUITests.xctest */,
			);
			name = Products;
			sourceTree = "<group>";
		};
		631D78032981018700EAE5F6 /* LandMarks */ = {
			isa = PBXGroup;
			children = (
				631D78342981054100EAE5F6 /* landmarkData.json */,
				631D78042981018700EAE5F6 /* LandMarksApp.swift */,
				631D7838298105B300EAE5F6 /* ModelData.swift */,
				631D783C298105FB00EAE5F6 /* LandmarkRow.swift */,
				631D783E2981077500EAE5F6 /* LandmarkList.swift */,
				631D78402981088800EAE5F6 /* LandmarkDetail.swift */,
				631D78362981058D00EAE5F6 /* Landmark.swift */,
				631D78062981018700EAE5F6 /* ContentView.swift */,
				631D78082981018800EAE5F6 /* Assets.xcassets */,
				631D780A2981018800EAE5F6 /* Preview Content */,
				631D782E298102C100EAE5F6 /* CircleImage.swift */,
				631D7830298102E500EAE5F6 /* MapView.swift */,
			);
			path = LandMarks;
			sourceTree = "<group>";
		};
		631D780A2981018800EAE5F6 /* Preview Content */ = {
			isa = PBXGroup;
			children = (
				631D780B2981018800EAE5F6 /* Preview Assets.xcassets */,
			);
			path = "Preview Content";
			sourceTree = "<group>";
		};
		631D78142981018800EAE5F6 /* LandMarksTests */ = {
			isa = PBXGroup;
			children = (
				631D78152981018800EAE5F6 /* LandMarksTests.swift */,
			);
			path = LandMarksTests;
			sourceTree = "<group>";
		};
		631D781E2981018800EAE5F6 /* LandMarksUITests */ = {
			isa = PBXGroup;
			children = (
				631D781F2981018800EAE5F6 /* LandMarksUITests.swift */,
				631D78212981018800EAE5F6 /* LandMarksUITestsLaunchTests.swift */,
			);
			path = LandMarksUITests;
			sourceTree = "<group>";
		};
/* End PBXGroup section */

/* Begin PBXNativeTarget section */
		631D78002981018700EAE5F6 /* LandMarks */ = {
			isa = PBXNativeTarget;
			buildConfigurationList = 631D78252981018800EAE5F6 /* Build configuration list for PBXNativeTarget "LandMarks" */;
			buildPhases = (
				631D77FD2981018700EAE5F6 /* Sources */,
				631D77FE2981018700EAE5F6 /* Frameworks */,
				631D77FF2981018700EAE5F6 /* Resources */,
			);
			buildRules = (
			);
			dependencies = (
			);
			name = LandMarks;
			productName = LandMarks;
			productReference = 631D78012981018700EAE5F6 /* LandMarks.app */;
			productType = "com.apple.product-type.application";
		};
		631D78102981018800EAE5F6 /* LandMarksTests */ = {
			isa = PBXNativeTarget;
			buildConfigurationList = 631D78282981018800EAE5F6 /* Build configuration list for PBXNativeTarget "LandMarksTests" */;
			buildPhases = (
				631D780D2981018800EAE5F6 /* Sources */,
				631D780E2981018800EAE5F6 /* Frameworks */,
				631D780F2981018800EAE5F6 /* Resources */,
			);
			buildRules = (
			);
			dependencies = (
				631D78132981018800EAE5F6 /* PBXTargetDependency */,
			);
			name = LandMarksTests;
			productName = LandMarksTests;
			productReference = 631D78112981018800EAE5F6 /* LandMarksTests.xctest */;
			productType = "com.apple.product-type.bundle.unit-test";
		};
		631D781A2981018800EAE5F6 /* LandMarksUITests */ = {
			isa = PBXNativeTarget;
			buildConfigurationList = 631D782B2981018800EAE5F6 /* Build configuration list for PBXNativeTarget "LandMarksUITests" */;
			buildPhases = (
				631D78172981018800EAE5F6 /* Sources */,
				631D78182981018800EAE5F6 /* Frameworks */,
				631D78192981018800EAE5F6 /* Resources */,
			);
			buildRules = (
			);
			dependencies = (
				631D781D2981018800EAE5F6 /* PBXTargetDependency */,
			);
			name = LandMarksUITests;
			productName = LandMarksUITests;
			productReference = 631D781B2981018800EAE5F6 /* LandMarksUITests.xctest */;
			productType = "com.apple.product-type.bundle.ui-testing";
		};
/* End PBXNativeTarget section */

/* Begin PBXProject section */
		631D77F92981018700EAE5F6 /* Project object */ = {
			isa = PBXProject;
			attributes = {
				BuildIndependentTargetsInParallel = 1;
				LastSwiftUpdateCheck = 1420;
				LastUpgradeCheck = 1420;
				TargetAttributes = {
					631D78002981018700EAE5F6 = {
						CreatedOnToolsVersion = 14.2;
					};
					631D78102981018800EAE5F6 = {
						CreatedOnToolsVersion = 14.2;
						TestTargetID = 631D78002981018700EAE5F6;
					};
					631D781A2981018800EAE5F6 = {
						CreatedOnToolsVersion = 14.2;
						TestTargetID = 631D78002981018700EAE5F6;
					};
				};
			};
			buildConfigurationList = 631D77FC2981018700EAE5F6 /* Build configuration list for PBXProject "LandMarks" */;
			compatibilityVersion = "Xcode 14.0";
			developmentRegion = en;
			hasScannedForEncodings = 0;
			knownRegions = (
				en,
				Base,
			);
			mainGroup = 631D77F82981018700EAE5F6;
			productRefGroup = 631D78022981018700EAE5F6 /* Products */;
			projectDirPath = "";
			projectRoot = "";
			targets = (
				631D78002981018700EAE5F6 /* LandMarks */,
				631D78102981018800EAE5F6 /* LandMarksTests */,
				631D781A2981018800EAE5F6 /* LandMarksUITests */,
			);
		};
/* End PBXProject section */

/* Begin PBXResourcesBuildPhase section */
		631D77FF2981018700EAE5F6 /* Resources */ = {
			isa = PBXResourcesBuildPhase;
			buildActionMask = 2147483647;
			files = (
				631D780C2981018800EAE5F6 /* Preview Assets.xcassets in Resources */,
				631D78092981018800EAE5F6 /* Assets.xcassets in Resources */,
				631D78352981054100EAE5F6 /* landmarkData.json in Resources */,
			);
			runOnlyForDeploymentPostprocessing = 0;
		};
		631D780F2981018800EAE5F6 /* Resources */ = {
			isa = PBXResourcesBuildPhase;
			buildActionMask = 2147483647;
			files = (
			);
			runOnlyForDeploymentPostprocessing = 0;
		};
		631D78192981018800EAE5F6 /* Resources */ = {
			isa = PBXResourcesBuildPhase;
			buildActionMask = 2147483647;
			files = (
			);
			runOnlyForDeploymentPostprocessing = 0;
		};
/* End PBXResourcesBuildPhase section */

/* Begin PBXSourcesBuildPhase section */
		631D77FD2981018700EAE5F6 /* Sources */ = {
			isa = PBXSourcesBuildPhase;
			buildActionMask = 2147483647;
			files = (
				631D78072981018700EAE5F6 /* ContentView.swift in Sources */,
				631D7831298102E500EAE5F6 /* MapView.swift in Sources */,
				631D78052981018700EAE5F6 /* LandMarksApp.swift in Sources */,
				631D783F2981077500EAE5F6 /* LandmarkList.swift in Sources */,
				631D78412981088800EAE5F6 /* LandmarkDetail.swift in Sources */,
				631D782F298102C100EAE5F6 /* CircleImage.swift in Sources */,
				631D78372981058D00EAE5F6 /* Landmark.swift in Sources */,
				631D783D298105FB00EAE5F6 /* LandmarkRow.swift in Sources */,
				631D7839298105B300EAE5F6 /* ModelData.swift in Sources */,
			);
			runOnlyForDeploymentPostprocessing = 0;
		};
		631D780D2981018800EAE5F6 /* Sources */ = {
			isa = PBXSourcesBuildPhase;
			buildActionMask = 2147483647;
			files = (
				631D78162981018800EAE5F6 /* LandMarksTests.swift in Sources */,
			);
			runOnlyForDeploymentPostprocessing = 0;
		};
		631D78172981018800EAE5F6 /* Sources */ = {
			isa = PBXSourcesBuildPhase;
			buildActionMask = 2147483647;
			files = (
				631D78222981018800EAE5F6 /* LandMarksUITestsLaunchTests.swift in Sources */,
				631D78202981018800EAE5F6 /* LandMarksUITests.swift in Sources */,
			);
			runOnlyForDeploymentPostprocessing = 0;
		};
/* End PBXSourcesBuildPhase section */

/* Begin PBXTargetDependency section */
		631D78132981018800EAE5F6 /* PBXTargetDependency */ = {
			isa = PBXTargetDependency;
			target = 631D78002981018700EAE5F6 /* LandMarks */;
			targetProxy = 631D78122981018800EAE5F6 /* PBXContainerItemProxy */;
		};
		631D781D2981018800EAE5F6 /* PBXTargetDependency */ = {
			isa = PBXTargetDependency;
			target = 631D78002981018700EAE5F6 /* LandMarks */;
			targetProxy = 631D781C2981018800EAE5F6 /* PBXContainerItemProxy */;
		};
/* End PBXTargetDependency section */

/* Begin XCBuildConfiguration section */
		631D78232981018800EAE5F6 /* Debug */ = {
			isa = XCBuildConfiguration;
			buildSettings = {
				ALWAYS_SEARCH_USER_PATHS = NO;
				CLANG_ANALYZER_NONNULL = YES;
				CLANG_ANALYZER_NUMBER_OBJECT_CONVERSION = YES_AGGRESSIVE;
				CLANG_CXX_LANGUAGE_STANDARD = "gnu++20";
				CLANG_ENABLE_MODULES = YES;
				CLANG_ENABLE_OBJC_ARC = YES;
				CLANG_ENABLE_OBJC_WEAK = YES;
				CLANG_WARN_BLOCK_CAPTURE_AUTORELEASING = YES;
				CLANG_WARN_BOOL_CONVERSION = YES;
				CLANG_WARN_COMMA = YES;
				CLANG_WARN_CONSTANT_CONVERSION = YES;
				CLANG_WARN_DEPRECATED_OBJC_IMPLEMENTATIONS = YES;
				CLANG_WARN_DIRECT_OBJC_ISA_USAGE = YES_ERROR;
				CLANG_WARN_DOCUMENTATION_COMMENTS = YES;
				CLANG_WARN_EMPTY_BODY = YES;
				CLANG_WARN_ENUM_CONVERSION = YES;
				CLANG_WARN_INFINITE_RECURSION = YES;
				CLANG_WARN_INT_CONVERSION = YES;
				CLANG_WARN_NON_LITERAL_NULL_CONVERSION = YES;
				CLANG_WARN_OBJC_IMPLICIT_RETAIN_SELF = YES;
				CLANG_WARN_OBJC_LITERAL_CONVERSION = YES;
				CLANG_WARN_OBJC_ROOT_CLASS = YES_ERROR;
				CLANG_WARN_QUOTED_INCLUDE_IN_FRAMEWORK_HEADER = YES;
				CLANG_WARN_RANGE_LOOP_ANALYSIS = YES;
				CLANG_WARN_STRICT_PROTOTYPES = YES;
				CLANG_WARN_SUSPICIOUS_MOVE = YES;
				CLANG_WARN_UNGUARDED_AVAILABILITY = YES_AGGRESSIVE;
				CLANG_WARN_UNREACHABLE_CODE = YES;
				CLANG_WARN__DUPLICATE_METHOD_MATCH = YES;
				COPY_PHASE_STRIP = NO;
				DEBUG_INFORMATION_FORMAT = dwarf;
				ENABLE_STRICT_OBJC_MSGSEND = YES;
				ENABLE_TESTABILITY = YES;
				GCC_C_LANGUAGE_STANDARD = gnu11;
				GCC_DYNAMIC_NO_PIC = NO;
				GCC_NO_COMMON_BLOCKS = YES;
				GCC_OPTIMIZATION_LEVEL = 0;
				GCC_PREPROCESSOR_DEFINITIONS = (
					"DEBUG=1",
					"$(inherited)",
				);
				GCC_WARN_64_TO_32_BIT_CONVERSION = YES;
				GCC_WARN_ABOUT_RETURN_TYPE = YES_ERROR;
				GCC_WARN_UNDECLARED_SELECTOR = YES;
				GCC_WARN_UNINITIALIZED_AUTOS = YES_AGGRESSIVE;
				GCC_WARN_UNUSED_FUNCTION = YES;
				GCC_WARN_UNUSED_VARIABLE = YES;
				IPHONEOS_DEPLOYMENT_TARGET = 16.2;
				MTL_ENABLE_DEBUG_INFO = INCLUDE_SOURCE;
				MTL_FAST_MATH = YES;
				ONLY_ACTIVE_ARCH = YES;
				SDKROOT = iphoneos;
				SWIFT_ACTIVE_COMPILATION_CONDITIONS = DEBUG;
				SWIFT_OPTIMIZATION_LEVEL = "-Onone";
			};
			name = Debug;
		};
		631D78242981018800EAE5F6 /* Release */ = {
			isa = XCBuildConfiguration;
			buildSettings = {
				ALWAYS_SEARCH_USER_PATHS = NO;
				CLANG_ANALYZER_NONNULL = YES;
				CLANG_ANALYZER_NUMBER_OBJECT_CONVERSION = YES_AGGRESSIVE;
				CLANG_CXX_LANGUAGE_STANDARD = "gnu++20";
				CLANG_ENABLE_MODULES = YES;
				CLANG_ENABLE_OBJC_ARC = YES;
				CLANG_ENABLE_OBJC_WEAK = YES;
				CLANG_WARN_BLOCK_CAPTURE_AUTORELEASING = YES;
				CLANG_WARN_BOOL_CONVERSION = YES;
				CLANG_WARN_COMMA = YES;
				CLANG_WARN_CONSTANT_CONVERSION = YES;
				CLANG_WARN_DEPRECATED_OBJC_IMPLEMENTATIONS = YES;
				CLANG_WARN_DIRECT_OBJC_ISA_USAGE = YES_ERROR;
				CLANG_WARN_DOCUMENTATION_COMMENTS = YES;
				CLANG_WARN_EMPTY_BODY = YES;
				CLANG_WARN_ENUM_CONVERSION = YES;
				CLANG_WARN_INFINITE_RECURSION = YES;
				CLANG_WARN_INT_CONVERSION = YES;
				CLANG_WARN_NON_LITERAL_NULL_CONVERSION = YES;
				CLANG_WARN_OBJC_IMPLICIT_RETAIN_SELF = YES;
				CLANG_WARN_OBJC_LITERAL_CONVERSION = YES;
				CLANG_WARN_OBJC_ROOT_CLASS = YES_ERROR;
				CLANG_WARN_QUOTED_INCLUDE_IN_FRAMEWORK_HEADER = YES;
				CLANG_WARN_RANGE_LOOP_ANALYSIS = YES;
				CLANG_WARN_STRICT_PROTOTYPES = YES;
				CLANG_WARN_SUSPICIOUS_MOVE = YES;
				CLANG_WARN_UNGUARDED_AVAILABILITY = YES_AGGRESSIVE;
				CLANG_WARN_UNREACHABLE_CODE = YES;
				CLANG_WARN__DUPLICATE_METHOD_MATCH = YES;
				COPY_PHASE_STRIP = NO;
				DEBUG_INFORMATION_FORMAT = "dwarf-with-dsym";
				ENABLE_NS_ASSERTIONS = NO;
				ENABLE_STRICT_OBJC_MSGSEND = YES;
				GCC_C_LANGUAGE_STANDARD = gnu11;
				GCC_NO_COMMON_BLOCKS = YES;
				GCC_WARN_64_TO_32_BIT_CONVERSION = YES;
				GCC_WARN_ABOUT_RETURN_TYPE = YES_ERROR;
				GCC_WARN_UNDECLARED_SELECTOR = YES;
				GCC_WARN_UNINITIALIZED_AUTOS = YES_AGGRESSIVE;
				GCC_WARN_UNUSED_FUNCTION = YES;
				GCC_WARN_UNUSED_VARIABLE = YES;
				IPHONEOS_DEPLOYMENT_TARGET = 16.2;
				MTL_ENABLE_DEBUG_INFO = NO;
				MTL_FAST_MATH = YES;
				SDKROOT = iphoneos;
				SWIFT_COMPILATION_MODE = wholemodule;
				SWIFT_OPTIMIZATION_LEVEL = "-O";
				VALIDATE_PRODUCT = YES;
			};
			name = Release;
		};
		631D78262981018800EAE5F6 /* Debug */ = {
			isa = XCBuildConfiguration;
			buildSettings = {
				ASSETCATALOG_COMPILER_APPICON_NAME = AppIcon;
				ASSETCATALOG_COMPILER_GLOBAL_ACCENT_COLOR_NAME = AccentColor;
				CODE_SIGN_STYLE = Automatic;
				CURRENT_PROJECT_VERSION = 1;
				DEVELOPMENT_ASSET_PATHS = "\"LandMarks/Preview Content\"";
				DEVELOPMENT_TEAM = P5M2XEQ4ZK;
				ENABLE_PREVIEWS = YES;
				GENERATE_INFOPLIST_FILE = YES;
				INFOPLIST_KEY_UIApplicationSceneManifest_Generation = YES;
				INFOPLIST_KEY_UIApplicationSupportsIndirectInputEvents = YES;
				INFOPLIST_KEY_UILaunchScreen_Generation = YES;
				INFOPLIST_KEY_UISupportedInterfaceOrientations_iPad = "UIInterfaceOrientationPortrait UIInterfaceOrientationPortraitUpsideDown UIInterfaceOrientationLandscapeLeft UIInterfaceOrientationLandscapeRight";
				INFOPLIST_KEY_UISupportedInterfaceOrientations_iPhone = "UIInterfaceOrientationPortrait UIInterfaceOrientationLandscapeLeft UIInterfaceOrientationLandscapeRight";
				LD_RUNPATH_SEARCH_PATHS = (
					"$(inherited)",
					"@executable_path/Frameworks",
				);
				MARKETING_VERSION = 1.0;
				PRODUCT_BUNDLE_IDENTIFIER = com.tencent.henrytest.LandMarks;
				PRODUCT_NAME = "$(TARGET_NAME)";
				SWIFT_EMIT_LOC_STRINGS = YES;
				SWIFT_VERSION = 5.0;
				TARGETED_DEVICE_FAMILY = "1,2";
			};
			name = Debug;
		};
		631D78272981018800EAE5F6 /* Release */ = {
			isa = XCBuildConfiguration;
			buildSettings = {
				ASSETCATALOG_COMPILER_APPICON_NAME = AppIcon;
				ASSETCATALOG_COMPILER_GLOBAL_ACCENT_COLOR_NAME = AccentColor;
				CODE_SIGN_STYLE = Automatic;
				CURRENT_PROJECT_VERSION = 1;
				DEVELOPMENT_ASSET_PATHS = "\"LandMarks/Preview Content\"";
				DEVELOPMENT_TEAM = P5M2XEQ4ZK;
				ENABLE_PREVIEWS = YES;
				GENERATE_INFOPLIST_FILE = YES;
				INFOPLIST_KEY_UIApplicationSceneManifest_Generation = YES;
				INFOPLIST_KEY_UIApplicationSupportsIndirectInputEvents = YES;
				INFOPLIST_KEY_UILaunchScreen_Generation = YES;
				INFOPLIST_KEY_UISupportedInterfaceOrientations_iPad = "UIInterfaceOrientationPortrait UIInterfaceOrientationPortraitUpsideDown UIInterfaceOrientationLandscapeLeft UIInterfaceOrientationLandscapeRight";
				INFOPLIST_KEY_UISupportedInterfaceOrientations_iPhone = "UIInterfaceOrientationPortrait UIInterfaceOrientationLandscapeLeft UIInterfaceOrientationLandscapeRight";
				LD_RUNPATH_SEARCH_PATHS = (
					"$(inherited)",
					"@executable_path/Frameworks",
				);
				MARKETING_VERSION = 1.0;
				PRODUCT_BUNDLE_IDENTIFIER = com.tencent.henrytest.LandMarks;
				PRODUCT_NAME = "$(TARGET_NAME)";
				SWIFT_EMIT_LOC_STRINGS = YES;
				SWIFT_VERSION = 5.0;
				TARGETED_DEVICE_FAMILY = "1,2";
			};
			name = Release;
		};
		631D78292981018800EAE5F6 /* Debug */ = {
			isa = XCBuildConfiguration;
			buildSettings = {
				ALWAYS_EMBED_SWIFT_STANDARD_LIBRARIES = YES;
				BUNDLE_LOADER = "$(TEST_HOST)";
				CODE_SIGN_STYLE = Automatic;
				CURRENT_PROJECT_VERSION = 1;
				DEVELOPMENT_TEAM = P5M2XEQ4ZK;
				GENERATE_INFOPLIST_FILE = YES;
				IPHONEOS_DEPLOYMENT_TARGET = 16.2;
				MARKETING_VERSION = 1.0;
				PRODUCT_BUNDLE_IDENTIFIER = com.tencent.henrytest.LandMarksTests;
				PRODUCT_NAME = "$(TARGET_NAME)";
				SWIFT_EMIT_LOC_STRINGS = NO;
				SWIFT_VERSION = 5.0;
				TARGETED_DEVICE_FAMILY = "1,2";
				TEST_HOST = "$(BUILT_PRODUCTS_DIR)/LandMarks.app/$(BUNDLE_EXECUTABLE_FOLDER_PATH)/LandMarks";
			};
			name = Debug;
		};
		631D782A2981018800EAE5F6 /* Release */ = {
			isa = XCBuildConfiguration;
			buildSettings = {
				ALWAYS_EMBED_SWIFT_STANDARD_LIBRARIES = YES;
				BUNDLE_LOADER = "$(TEST_HOST)";
				CODE_SIGN_STYLE = Automatic;
				CURRENT_PROJECT_VERSION = 1;
				DEVELOPMENT_TEAM = P5M2XEQ4ZK;
				GENERATE_INFOPLIST_FILE = YES;
				IPHONEOS_DEPLOYMENT_TARGET = 16.2;
				MARKETING_VERSION = 1.0;
				PRODUCT_BUNDLE_IDENTIFIER = com.tencent.henrytest.LandMarksTests;
				PRODUCT_NAME = "$(TARGET_NAME)";
				SWIFT_EMIT_LOC_STRINGS = NO;
				SWIFT_VERSION = 5.0;
				TARGETED_DEVICE_FAMILY = "1,2";
				TEST_HOST = "$(BUILT_PRODUCTS_DIR)/LandMarks.app/$(BUNDLE_EXECUTABLE_FOLDER_PATH)/LandMarks";
			};
			name = Release;
		};
		631D782C2981018800EAE5F6 /* Debug */ = {
			isa = XCBuildConfiguration;
			buildSettings = {
				ALWAYS_EMBED_SWIFT_STANDARD_LIBRARIES = YES;
				CODE_SIGN_STYLE = Automatic;
				CURRENT_PROJECT_VERSION = 1;
				DEVELOPMENT_TEAM = P5M2XEQ4ZK;
				GENERATE_INFOPLIST_FILE = YES;
				MARKETING_VERSION = 1.0;
				PRODUCT_BUNDLE_IDENTIFIER = com.tencent.henrytest.LandMarksUITests;
				PRODUCT_NAME = "$(TARGET_NAME)";
				SWIFT_EMIT_LOC_STRINGS = NO;
				SWIFT_VERSION = 5.0;
				TARGETED_DEVICE_FAMILY = "1,2";
				TEST_TARGET_NAME = LandMarks;
			};
			name = Debug;
		};
		631D782D2981018800EAE5F6 /* Release */ = {
			isa = XCBuildConfiguration;
			buildSettings = {
				ALWAYS_EMBED_SWIFT_STANDARD_LIBRARIES = YES;
				CODE_SIGN_STYLE = Automatic;
				CURRENT_PROJECT_VERSION = 1;
				DEVELOPMENT_TEAM = P5M2XEQ4ZK;
				GENERATE_INFOPLIST_FILE = YES;
				MARKETING_VERSION = 1.0;
				PRODUCT_BUNDLE_IDENTIFIER = com.tencent.henrytest.LandMarksUITests;
				PRODUCT_NAME = "$(TARGET_NAME)";
				SWIFT_EMIT_LOC_STRINGS = NO;
				SWIFT_VERSION = 5.0;
				TARGETED_DEVICE_FAMILY = "1,2";
				TEST_TARGET_NAME = LandMarks;
			};
			name = Release;
		};
/* End XCBuildConfiguration section */

/* Begin XCConfigurationList section */
		631D77FC2981018700EAE5F6 /* Build configuration list for PBXProject "LandMarks" */ = {
			isa = XCConfigurationList;
			buildConfigurations = (
				631D78232981018800EAE5F6 /* Debug */,
				631D78242981018800EAE5F6 /* Release */,
			);
			defaultConfigurationIsVisible = 0;
			defaultConfigurationName = Release;
		};
		631D78252981018800EAE5F6 /* Build configuration list for PBXNativeTarget "LandMarks" */ = {
			isa = XCConfigurationList;
			buildConfigurations = (
				631D78262981018800EAE5F6 /* Debug */,
				631D78272981018800EAE5F6 /* Release */,
			);
			defaultConfigurationIsVisible = 0;
			defaultConfigurationName = Release;
		};
		631D78282981018800EAE5F6 /* Build configuration list for PBXNativeTarget "LandMarksTests" */ = {
			isa = XCConfigurationList;
			buildConfigurations = (
				631D78292981018800EAE5F6 /* Debug */,
				631D782A2981018800EAE5F6 /* Release */,
			);
			defaultConfigurationIsVisible = 0;
			defaultConfigurationName = Release;
		};
		631D782B2981018800EAE5F6 /* Build configuration list for PBXNativeTarget "LandMarksUITests" */ = {
			isa = XCConfigurationList;
			buildConfigurations = (
				631D782C2981018800EAE5F6 /* Debug */,
				631D782D2981018800EAE5F6 /* Release */,
			);
			defaultConfigurationIsVisible = 0;
			defaultConfigurationName = Release;
		};
/* End XCConfigurationList section */
	};
	rootObject = 631D77F92981018700EAE5F6 /* Project object */;
}
